
Microsoft Visual Studio Solution File, Format Version 12.00
# Visual Studio 2013
VisualStudioVersion = 12.0.31101.0
MinimumVisualStudioVersion = 10.0.40219.1
Project("{8BC9CEB8-8B4A-11D0-8D11-00A0C91BC942}") = "lz4", "lz4\lz4.vcxproj", "{0B6FAD7D-91CC-43F5-87F4-0A7EFD0233E1}"
EndProject
Global
	GlobalSection(SolutionConfigurationPlatforms) = preSolution
		Debug|Win32 = Debug|Win32
		Debug|x64 = Debug|x64
		Release|Win32 = Release|Win32
		Release|x64 = Release|x64
	EndGlobalSection
	GlobalSection(ProjectConfigurationPlatforms) = postSolution
		{0B6FAD7D-91CC-43F5-87F4-0A7EFD0233E1}.Debug|Win32.ActiveCfg = Debug|Win32
		{0B6FAD7D-91CC-43F5-87F4-0A7EFD0233E1}.Debug|Win32.Build.0 = Debug|Win32
		{0B6FAD7D-91CC-43F5-87F4-0A7EFD0233E1}.Debug|x64.ActiveCfg = Debug|x64
		{0B6FAD7D-91CC-43F5-87F4-0A7EFD0233E1}.Debug|x64.Build.0 = Debug|x64
		{0B6FAD7D-91CC-43F5-87F4-0A7EFD0233E1}.Release|Win32.ActiveCfg = Release|Win32
		{0B6FAD7D-91CC-43F5-87F4-0A7EFD0233E1}.Release|Win32.Build.0 = Release|Win32
		{0B6FAD7D-91CC-43F5-87F4-0A7EFD0233E1}.Release|x64.ActiveCfg = Release|x64
		{0B6FAD7D-91CC-43F5-87F4-0A7EFD0233E1}.Release|x64.Build.0 = Release|x64
	EndGlobalSection
	GlobalSection(SolutionProperties) = preSolution
		HideSolutionNode = FALSE
	EndGlobalSection
EndGlobal
