
Microsoft Visual Studio Solution File, Format Version 12.00
# Visual Studio 2013
VisualStudioVersion = 12.0.31101.0
MinimumVisualStudioVersion = 10.0.40219.1
Project("{FAE04EC0-301F-11D3-BF4B-00C04F79EFBC}") = "lz4.AnyCPU.loader", "lz4.AnyCpu.loader\lz4.AnyCPU.loader.csproj", "{8364CAE8-5A20-4160-B42F-EDC3D2C898F4}"
EndProject
Global
	GlobalSection(SolutionConfigurationPlatforms) = preSolution
		Debug|Any CPU = Debug|Any CPU
		Release|Any CPU = Release|Any CPU
	EndGlobalSection
	GlobalSection(ProjectConfigurationPlatforms) = postSolution
		{8364CAE8-5A20-4160-B42F-EDC3D2C898F4}.Debug|Any CPU.ActiveCfg = Debug|Any CPU
		{8364CAE8-5A20-4160-B42F-EDC3D2C898F4}.Debug|Any CPU.Build.0 = Debug|Any CPU
		{8364CAE8-5A20-4160-B42F-EDC3D2C898F4}.Release|Any CPU.ActiveCfg = Release|Any CPU
		{8364CAE8-5A20-4160-B42F-EDC3D2C898F4}.Release|Any CPU.Build.0 = Release|Any CPU
	EndGlobalSection
	GlobalSection(SolutionProperties) = preSolution
		HideSolutionNode = FALSE
	EndGlobalSection
EndGlobal
