<?xml version="1.0" encoding="utf-8"?>
<Project ToolsVersion="4.0" xmlns="http://schemas.microsoft.com/developer/msbuild/2003">
  <ItemGroup>
    <Filter Include="Source Files">
      <UniqueIdentifier>{4FC737F1-C7A5-4376-A066-2A32D752A2FF}</UniqueIdentifier>
      <Extensions>cpp;c;cc;cxx;def;odl;idl;hpj;bat;asm;asmx</Extensions>
    </Filter>
    <Filter Include="Header Files">
      <UniqueIdentifier>{93995380-89BD-4b04-88EB-625FBE52EBFB}</UniqueIdentifier>
      <Extensions>h;hh;hpp;hxx;hm;inl;inc;xsd</Extensions>
    </Filter>
    <Filter Include="Resource Files">
      <UniqueIdentifier>{67DA6AB6-F800-4c08-8B7A-83BB121AAD01}</UniqueIdentifier>
      <Extensions>rc;ico;cur;bmp;dlg;rc2;rct;bin;rgs;gif;jpg;jpeg;jpe;resx;tiff;tif;png;wav;mfcribbon-ms</Extensions>
    </Filter>
    <Filter Include="Source Files\lz4">
      <UniqueIdentifier>{6dc69b4f-5060-412a-94f2-915f5d9910f4}</UniqueIdentifier>
    </Filter>
    <Filter Include="Header Files\lz4">
      <UniqueIdentifier>{cacdf897-910e-4361-bc23-445efac3c835}</UniqueIdentifier>
    </Filter>
  </ItemGroup>
  <ItemGroup>
    <ClInclude Include="Stdafx.h">
      <Filter>Header Files</Filter>
    </ClInclude>
    <ClInclude Include="resource.h">
      <Filter>Header Files</Filter>
    </ClInclude>
    <ClInclude Include="lz4.h">
      <Filter>Header Files\lz4</Filter>
    </ClInclude>
    <ClInclude Include="lz4hc.h">
      <Filter>Header Files\lz4</Filter>
    </ClInclude>
    <ClInclude Include="xxhash.h">
      <Filter>Header Files\lz4</Filter>
    </ClInclude>
    <ClInclude Include="lz4Helper.h">
      <Filter>Header Files</Filter>
    </ClInclude>
    <ClInclude Include="lz4MinimalFrameFormatStream.h">
      <Filter>Header Files</Filter>
    </ClInclude>
    <ClInclude Include="lz4Stream.h">
      <Filter>Header Files</Filter>
    </ClInclude>
    <ClInclude Include="lz4opt.h">
      <Filter>Header Files\lz4</Filter>
    </ClInclude>
  </ItemGroup>
  <ItemGroup>
    <ClCompile Include="AssemblyInfo.cpp">
      <Filter>Source Files</Filter>
    </ClCompile>
    <ClCompile Include="Stdafx.cpp">
      <Filter>Source Files</Filter>
    </ClCompile>
    <ClCompile Include="lz4.cpp">
      <Filter>Source Files\lz4</Filter>
    </ClCompile>
    <ClCompile Include="lz4hc.cpp">
      <Filter>Source Files\lz4</Filter>
    </ClCompile>
    <ClCompile Include="xxhash.cpp">
      <Filter>Source Files\lz4</Filter>
    </ClCompile>
    <ClCompile Include="lz4Helper.cpp">
      <Filter>Source Files</Filter>
    </ClCompile>
    <ClCompile Include="lz4MinimalFrameFormatStream.cpp">
      <Filter>Source Files</Filter>
    </ClCompile>
    <ClCompile Include="lz4Stream.cpp">
      <Filter>Source Files</Filter>
    </ClCompile>
  </ItemGroup>
  <ItemGroup>
    <ResourceCompile Include="app.rc">
      <Filter>Resource Files</Filter>
    </ResourceCompile>
  </ItemGroup>
  <ItemGroup>
    <Image Include="app.ico">
      <Filter>Resource Files</Filter>
    </Image>
  </ItemGroup>
</Project>